// !$*UTF8*$!
{
	archiveVersion = 1;
	classes = {
	};
	objectVersion = 55;
	objects = {

/* Begin PBXBuildFile section */
		47F2C32926EA3FB700FB1022 /* Tests_iOS.swift in Sources */ = {isa = PBXBuildFile; fileRef = 47F2C32826EA3FB700FB1022 /* Tests_iOS.swift */; };
		47F2C32B26EA3FB700FB1022 /* Tests_iOSLaunchTests.swift in Sources */ = {isa = PBXBuildFile; fileRef = 47F2C32A26EA3FB700FB1022 /* Tests_iOSLaunchTests.swift */; };
		47F2C33526EA3FB700FB1022 /* Tests_macOS.swift in Sources */ = {isa = PBXBuildFile; fileRef = 47F2C33426EA3FB700FB1022 /* Tests_macOS.swift */; };
		47F2C33726EA3FB700FB1022 /* Tests_macOSLaunchTests.swift in Sources */ = {isa = PBXBuildFile; fileRef = 47F2C33626EA3FB700FB1022 /* Tests_macOSLaunchTests.swift */; };
		47F2C33826EA3FB700FB1022 /* UI_303App.swift in Sources */ = {isa = PBXBuildFile; fileRef = 47F2C31226EA3FB600FB1022 /* UI_303App.swift */; };
		47F2C33926EA3FB700FB1022 /* UI_303App.swift in Sources */ = {isa = PBXBuildFile; fileRef = 47F2C31226EA3FB600FB1022 /* UI_303App.swift */; };
		47F2C33A26EA3FB700FB1022 /* ContentView.swift in Sources */ = {isa = PBXBuildFile; fileRef = 47F2C31326EA3FB600FB1022 /* ContentView.swift */; };
		47F2C33B26EA3FB700FB1022 /* ContentView.swift in Sources */ = {isa = PBXBuildFile; fileRef = 47F2C31326EA3FB600FB1022 /* ContentView.swift */; };
		47F2C33C26EA3FB700FB1022 /* Assets.xcassets in Resources */ = {isa = PBXBuildFile; fileRef = 47F2C31426EA3FB700FB1022 /* Assets.xcassets */; };
		47F2C33D26EA3FB700FB1022 /* Assets.xcassets in Resources */ = {isa = PBXBuildFile; fileRef = 47F2C31426EA3FB700FB1022 /* Assets.xcassets */; };
		47F2C34E26EA3FFA00FB1022 /* Animal.swift in Sources */ = {isa = PBXBuildFile; fileRef = 47F2C34D26EA3FFA00FB1022 /* Animal.swift */; };
		47F2C35126EA402F00FB1022 /* Home.swift in Sources */ = {isa = PBXBuildFile; fileRef = 47F2C35026EA402F00FB1022 /* Home.swift */; };
		47F2C35326EA436900FB1022 /* MainHome.swift in Sources */ = {isa = PBXBuildFile; fileRef = 47F2C35226EA436900FB1022 /* MainHome.swift */; };
		47F2C35526EA450000FB1022 /* VerticalCarouselView.swift in Sources */ = {isa = PBXBuildFile; fileRef = 47F2C35426EA450000FB1022 /* VerticalCarouselView.swift */; };
/* End PBXBuildFile section */

/* Begin PBXContainerItemProxy section */
		47F2C32526EA3FB700FB1022 /* PBXContainerItemProxy */ = {
			isa = PBXContainerItemProxy;
			containerPortal = 47F2C30D26EA3FB600FB1022 /* Project object */;
			proxyType = 1;
			remoteGlobalIDString = 47F2C31826EA3FB700FB1022;
			remoteInfo = "UI-303 (iOS)";
		};
		47F2C33126EA3FB700FB1022 /* PBXContainerItemProxy */ = {
			isa = PBXContainerItemProxy;
			containerPortal = 47F2C30D26EA3FB600FB1022 /* Project object */;
			proxyType = 1;
			remoteGlobalIDString = 47F2C31E26EA3FB700FB1022;
			remoteInfo = "UI-303 (macOS)";
		};
/* End PBXContainerItemProxy section */

/* Begin PBXFileReference section */
		47F2C31226EA3FB600FB1022 /* UI_303App.swift */ = {isa = PBXFileReference; lastKnownFileType = sourcecode.swift; path = UI_303App.swift; sourceTree = "<group>"; };
		47F2C31326EA3FB600FB1022 /* ContentView.swift */ = {isa = PBXFileReference; lastKnownFileType = sourcecode.swift; path = ContentView.swift; sourceTree = "<group>"; };
		47F2C31426EA3FB700FB1022 /* Assets.xcassets */ = {isa = PBXFileReference; lastKnownFileType = folder.assetcatalog; path = Assets.xcassets; sourceTree = "<group>"; };
		47F2C31926EA3FB700FB1022 /* UI-303.app */ = {isa = PBXFileReference; explicitFileType = wrapper.application; includeInIndex = 0; path = "UI-303.app"; sourceTree = BUILT_PRODUCTS_DIR; };
		47F2C31F26EA3FB700FB1022 /* UI-303.app */ = {isa = PBXFileReference; explicitFileType = wrapper.application; includeInIndex = 0; path = "UI-303.app"; sourceTree = BUILT_PRODUCTS_DIR; };
		47F2C32426EA3FB700FB1022 /* Tests iOS.xctest */ = {isa = PBXFileReference; explicitFileType = wrapper.cfbundle; includeInIndex = 0; path = "Tests iOS.xctest"; sourceTree = BUILT_PRODUCTS_DIR; };
		47F2C32826EA3FB700FB1022 /* Tests_iOS.swift */ = {isa = PBXFileReference; lastKnownFileType = sourcecode.swift; path = Tests_iOS.swift; sourceTree = "<group>"; };
		47F2C32A26EA3FB700FB1022 /* Tests_iOSLaunchTests.swift */ = {isa = PBXFileReference; lastKnownFileType = sourcecode.swift; path = Tests_iOSLaunchTests.swift; sourceTree = "<group>"; };
		47F2C33026EA3FB700FB1022 /* Tests macOS.xctest */ = {isa = PBXFileReference; explicitFileType = wrapper.cfbundle; includeInIndex = 0; path = "Tests macOS.xctest"; sourceTree = BUILT_PRODUCTS_DIR; };
		47F2C33426EA3FB700FB1022 /* Tests_macOS.swift */ = {isa = PBXFileReference; lastKnownFileType = sourcecode.swift; path = Tests_macOS.swift; sourceTree = "<group>"; };
		47F2C33626EA3FB700FB1022 /* Tests_macOSLaunchTests.swift */ = {isa = PBXFileReference; lastKnownFileType = sourcecode.swift; path = Tests_macOSLaunchTests.swift; sourceTree = "<group>"; };
		47F2C34D26EA3FFA00FB1022 /* Animal.swift */ = {isa = PBXFileReference; lastKnownFileType = sourcecode.swift; path = Animal.swift; sourceTree = "<group>"; };
		47F2C35026EA402F00FB1022 /* Home.swift */ = {isa = PBXFileReference; lastKnownFileType = sourcecode.swift; path = Home.swift; sourceTree = "<group>"; };
		47F2C35226EA436900FB1022 /* MainHome.swift */ = {isa = PBXFileReference; lastKnownFileType = sourcecode.swift; path = MainHome.swift; sourceTree = "<group>"; };
		47F2C35426EA450000FB1022 /* VerticalCarouselView.swift */ = {isa = PBXFileReference; lastKnownFileType = sourcecode.swift; path = VerticalCarouselView.swift; sourceTree = "<group>"; };
/* End PBXFileReference section */

/* Begin PBXFrameworksBuildPhase section */
		47F2C31626EA3FB700FB1022 /* Frameworks */ = {
			isa = PBXFrameworksBuildPhase;
			buildActionMask = 2147483647;
			files = (
			);
			runOnlyForDeploymentPostprocessing = 0;
		};
		47F2C31C26EA3FB700FB1022 /* Frameworks */ = {
			isa = PBXFrameworksBuildPhase;
			buildActionMask = 2147483647;
			files = (
			);
			runOnlyForDeploymentPostprocessing = 0;
		};
		47F2C32126EA3FB700FB1022 /* Frameworks */ = {
			isa = PBXFrameworksBuildPhase;
			buildActionMask = 2147483647;
			files = (
			);
			runOnlyForDeploymentPostprocessing = 0;
		};
		47F2C32D26EA3FB700FB1022 /* Frameworks */ = {
			isa = PBXFrameworksBuildPhase;
			buildActionMask = 2147483647;
			files = (
			);
			runOnlyForDeploymentPostprocessing = 0;
		};
/* End PBXFrameworksBuildPhase section */

/* Begin PBXGroup section */
		47F2C30C26EA3FB600FB1022 = {
			isa = PBXGroup;
			children = (
				47F2C31126EA3FB600FB1022 /* Shared */,
				47F2C32726EA3FB700FB1022 /* Tests iOS */,
				47F2C33326EA3FB700FB1022 /* Tests macOS */,
				47F2C31A26EA3FB700FB1022 /* Products */,
			);
			sourceTree = "<group>";
		};
		47F2C31126EA3FB600FB1022 /* Shared */ = {
			isa = PBXGroup;
			children = (
				47F2C34F26EA402300FB1022 /* Model */,
				47F2C34C26EA3FF300FB1022 /* View */,
				47F2C31226EA3FB600FB1022 /* UI_303App.swift */,
				47F2C31326EA3FB600FB1022 /* ContentView.swift */,
				47F2C31426EA3FB700FB1022 /* Assets.xcassets */,
			);
			path = Shared;
			sourceTree = "<group>";
		};
		47F2C31A26EA3FB700FB1022 /* Products */ = {
			isa = PBXGroup;
			children = (
				47F2C31926EA3FB700FB1022 /* UI-303.app */,
				47F2C31F26EA3FB700FB1022 /* UI-303.app */,
				47F2C32426EA3FB700FB1022 /* Tests iOS.xctest */,
				47F2C33026EA3FB700FB1022 /* Tests macOS.xctest */,
			);
			name = Products;
			sourceTree = "<group>";
		};
		47F2C32726EA3FB700FB1022 /* Tests iOS */ = {
			isa = PBXGroup;
			children = (
				47F2C32826EA3FB700FB1022 /* Tests_iOS.swift */,
				47F2C32A26EA3FB700FB1022 /* Tests_iOSLaunchTests.swift */,
			);
			path = "Tests iOS";
			sourceTree = "<group>";
		};
		47F2C33326EA3FB700FB1022 /* Tests macOS */ = {
			isa = PBXGroup;
			children = (
				47F2C33426EA3FB700FB1022 /* Tests_macOS.swift */,
				47F2C33626EA3FB700FB1022 /* Tests_macOSLaunchTests.swift */,
			);
			path = "Tests macOS";
			sourceTree = "<group>";
		};
		47F2C34C26EA3FF300FB1022 /* View */ = {
			isa = PBXGroup;
			children = (
				47F2C35026EA402F00FB1022 /* Home.swift */,
				47F2C35226EA436900FB1022 /* MainHome.swift */,
				47F2C35426EA450000FB1022 /* VerticalCarouselView.swift */,
			);
			path = View;
			sourceTree = "<group>";
		};
		47F2C34F26EA402300FB1022 /* Model */ = {
			isa = PBXGroup;
			children = (
				47F2C34D26EA3FFA00FB1022 /* Animal.swift */,
			);
			path = Model;
			sourceTree = "<group>";
		};
/* End PBXGroup section */

/* Begin PBXNativeTarget section */
		47F2C31826EA3FB700FB1022 /* UI-303 (iOS) */ = {
			isa = PBXNativeTarget;
			buildConfigurationList = 47F2C34026EA3FB700FB1022 /* Build configuration list for PBXNativeTarget "UI-303 (iOS)" */;
			buildPhases = (
				47F2C31526EA3FB700FB1022 /* Sources */,
				47F2C31626EA3FB700FB1022 /* Frameworks */,
				47F2C31726EA3FB700FB1022 /* Resources */,
			);
			buildRules = (
			);
			dependencies = (
			);
			name = "UI-303 (iOS)";
			productName = "UI-303 (iOS)";
			productReference = 47F2C31926EA3FB700FB1022 /* UI-303.app */;
			productType = "com.apple.product-type.application";
		};
		47F2C31E26EA3FB700FB1022 /* UI-303 (macOS) */ = {
			isa = PBXNativeTarget;
			buildConfigurationList = 47F2C34326EA3FB700FB1022 /* Build configuration list for PBXNativeTarget "UI-303 (macOS)" */;
			buildPhases = (
				47F2C31B26EA3FB700FB1022 /* Sources */,
				47F2C31C26EA3FB700FB1022 /* Frameworks */,
				47F2C31D26EA3FB700FB1022 /* Resources */,
			);
			buildRules = (
			);
			dependencies = (
			);
			name = "UI-303 (macOS)";
			productName = "UI-303 (macOS)";
			productReference = 47F2C31F26EA3FB700FB1022 /* UI-303.app */;
			productType = "com.apple.product-type.application";
		};
		47F2C32326EA3FB700FB1022 /* Tests iOS */ = {
			isa = PBXNativeTarget;
			buildConfigurationList = 47F2C34626EA3FB700FB1022 /* Build configuration list for PBXNativeTarget "Tests iOS" */;
			buildPhases = (
				47F2C32026EA3FB700FB1022 /* Sources */,
				47F2C32126EA3FB700FB1022 /* Frameworks */,
				47F2C32226EA3FB700FB1022 /* Resources */,
			);
			buildRules = (
			);
			dependencies = (
				47F2C32626EA3FB700FB1022 /* PBXTargetDependency */,
			);
			name = "Tests iOS";
			productName = "Tests iOS";
			productReference = 47F2C32426EA3FB700FB1022 /* Tests iOS.xctest */;
			productType = "com.apple.product-type.bundle.ui-testing";
		};
		47F2C32F26EA3FB700FB1022 /* Tests macOS */ = {
			isa = PBXNativeTarget;
			buildConfigurationList = 47F2C34926EA3FB700FB1022 /* Build configuration list for PBXNativeTarget "Tests macOS" */;
			buildPhases = (
				47F2C32C26EA3FB700FB1022 /* Sources */,
				47F2C32D26EA3FB700FB1022 /* Frameworks */,
				47F2C32E26EA3FB700FB1022 /* Resources */,
			);
			buildRules = (
			);
			dependencies = (
				47F2C33226EA3FB700FB1022 /* PBXTargetDependency */,
			);
			name = "Tests macOS";
			productName = "Tests macOS";
			productReference = 47F2C33026EA3FB700FB1022 /* Tests macOS.xctest */;
			productType = "com.apple.product-type.bundle.ui-testing";
		};
/* End PBXNativeTarget section */

/* Begin PBXProject section */
		47F2C30D26EA3FB600FB1022 /* Project object */ = {
			isa = PBXProject;
			attributes = {
				BuildIndependentTargetsInParallel = 1;
				LastSwiftUpdateCheck = 1300;
				LastUpgradeCheck = 1300;
				TargetAttributes = {
					47F2C31826EA3FB700FB1022 = {
						CreatedOnToolsVersion = 13.0;
					};
					47F2C31E26EA3FB700FB1022 = {
						CreatedOnToolsVersion = 13.0;
					};
					47F2C32326EA3FB700FB1022 = {
						CreatedOnToolsVersion = 13.0;
						TestTargetID = 47F2C31826EA3FB700FB1022;
					};
					47F2C32F26EA3FB700FB1022 = {
						CreatedOnToolsVersion = 13.0;
						TestTargetID = 47F2C31E26EA3FB700FB1022;
					};
				};
			};
			buildConfigurationList = 47F2C31026EA3FB600FB1022 /* Build configuration list for PBXProject "UI-303" */;
			compatibilityVersion = "Xcode 13.0";
			developmentRegion = en;
			hasScannedForEncodings = 0;
			knownRegions = (
				en,
				Base,
			);
			mainGroup = 47F2C30C26EA3FB600FB1022;
			productRefGroup = 47F2C31A26EA3FB700FB1022 /* Products */;
			projectDirPath = "";
			projectRoot = "";
			targets = (
				47F2C31826EA3FB700FB1022 /* UI-303 (iOS) */,
				47F2C31E26EA3FB700FB1022 /* UI-303 (macOS) */,
				47F2C32326EA3FB700FB1022 /* Tests iOS */,
				47F2C32F26EA3FB700FB1022 /* Tests macOS */,
			);
		};
/* End PBXProject section */

/* Begin PBXResourcesBuildPhase section */
		47F2C31726EA3FB700FB1022 /* Resources */ = {
			isa = PBXResourcesBuildPhase;
			buildActionMask = 2147483647;
			files = (
				47F2C33C26EA3FB700FB1022 /* Assets.xcassets in Resources */,
			);
			runOnlyForDeploymentPostprocessing = 0;
		};
		47F2C31D26EA3FB700FB1022 /* Resources */ = {
			isa = PBXResourcesBuildPhase;
			buildActionMask = 2147483647;
			files = (
				47F2C33D26EA3FB700FB1022 /* Assets.xcassets in Resources */,
			);
			runOnlyForDeploymentPostprocessing = 0;
		};
		47F2C32226EA3FB700FB1022 /* Resources */ = {
			isa = PBXResourcesBuildPhase;
			buildActionMask = 2147483647;
			files = (
			);
			runOnlyForDeploymentPostprocessing = 0;
		};
		47F2C32E26EA3FB700FB1022 /* Resources */ = {
			isa = PBXResourcesBuildPhase;
			buildActionMask = 2147483647;
			files = (
			);
			runOnlyForDeploymentPostprocessing = 0;
		};
/* End PBXResourcesBuildPhase section */

/* Begin PBXSourcesBuildPhase section */
		47F2C31526EA3FB700FB1022 /* Sources */ = {
			isa = PBXSourcesBuildPhase;
			buildActionMask = 2147483647;
			files = (
				47F2C33A26EA3FB700FB1022 /* ContentView.swift in Sources */,
				47F2C33826EA3FB700FB1022 /* UI_303App.swift in Sources */,
				47F2C35126EA402F00FB1022 /* Home.swift in Sources */,
				47F2C34E26EA3FFA00FB1022 /* Animal.swift in Sources */,
				47F2C35526EA450000FB1022 /* VerticalCarouselView.swift in Sources */,
				47F2C35326EA436900FB1022 /* MainHome.swift in Sources */,
			);
			runOnlyForDeploymentPostprocessing = 0;
		};
		47F2C31B26EA3FB700FB1022 /* Sources */ = {
			isa = PBXSourcesBuildPhase;
			buildActionMask = 2147483647;
			files = (
				47F2C33B26EA3FB700FB1022 /* ContentView.swift in Sources */,
				47F2C33926EA3FB700FB1022 /* UI_303App.swift in Sources */,
			);
			runOnlyForDeploymentPostprocessing = 0;
		};
		47F2C32026EA3FB700FB1022 /* Sources */ = {
			isa = PBXSourcesBuildPhase;
			buildActionMask = 2147483647;
			files = (
				47F2C32B26EA3FB700FB1022 /* Tests_iOSLaunchTests.swift in Sources */,
				47F2C32926EA3FB700FB1022 /* Tests_iOS.swift in Sources */,
			);
			runOnlyForDeploymentPostprocessing = 0;
		};
		47F2C32C26EA3FB700FB1022 /* Sources */ = {
			isa = PBXSourcesBuildPhase;
			buildActionMask = 2147483647;
			files = (
				47F2C33726EA3FB700FB1022 /* Tests_macOSLaunchTests.swift in Sources */,
				47F2C33526EA3FB700FB1022 /* Tests_macOS.swift in Sources */,
			);
			runOnlyForDeploymentPostprocessing = 0;
		};
/* End PBXSourcesBuildPhase section */

/* Begin PBXTargetDependency section */
		47F2C32626EA3FB700FB1022 /* PBXTargetDependency */ = {
			isa = PBXTargetDependency;
			target = 47F2C31826EA3FB700FB1022 /* UI-303 (iOS) */;
			targetProxy = 47F2C32526EA3FB700FB1022 /* PBXContainerItemProxy */;
		};
		47F2C33226EA3FB700FB1022 /* PBXTargetDependency */ = {
			isa = PBXTargetDependency;
			target = 47F2C31E26EA3FB700FB1022 /* UI-303 (macOS) */;
			targetProxy = 47F2C33126EA3FB700FB1022 /* PBXContainerItemProxy */;
		};
/* End PBXTargetDependency section */

/* Begin XCBuildConfiguration section */
		47F2C33E26EA3FB700FB1022 /* Debug */ = {
			isa = XCBuildConfiguration;
			buildSettings = {
				ALWAYS_SEARCH_USER_PATHS = NO;
				CLANG_ANALYZER_NONNULL = YES;
				CLANG_ANALYZER_NUMBER_OBJECT_CONVERSION = YES_AGGRESSIVE;
				CLANG_CXX_LANGUAGE_STANDARD = "gnu++17";
				CLANG_CXX_LIBRARY = "libc++";
				CLANG_ENABLE_MODULES = YES;
				CLANG_ENABLE_OBJC_ARC = YES;
				CLANG_ENABLE_OBJC_WEAK = YES;
				CLANG_WARN_BLOCK_CAPTURE_AUTORELEASING = YES;
				CLANG_WARN_BOOL_CONVERSION = YES;
				CLANG_WARN_COMMA = YES;
				CLANG_WARN_CONSTANT_CONVERSION = YES;
				CLANG_WARN_DEPRECATED_OBJC_IMPLEMENTATIONS = YES;
				CLANG_WARN_DIRECT_OBJC_ISA_USAGE = YES_ERROR;
				CLANG_WARN_DOCUMENTATION_COMMENTS = YES;
				CLANG_WARN_EMPTY_BODY = YES;
				CLANG_WARN_ENUM_CONVERSION = YES;
				CLANG_WARN_INFINITE_RECURSION = YES;
				CLANG_WARN_INT_CONVERSION = YES;
				CLANG_WARN_NON_LITERAL_NULL_CONVERSION = YES;
				CLANG_WARN_OBJC_IMPLICIT_RETAIN_SELF = YES;
				CLANG_WARN_OBJC_LITERAL_CONVERSION = YES;
				CLANG_WARN_OBJC_ROOT_CLASS = YES_ERROR;
				CLANG_WARN_QUOTED_INCLUDE_IN_FRAMEWORK_HEADER = YES;
				CLANG_WARN_RANGE_LOOP_ANALYSIS = YES;
				CLANG_WARN_STRICT_PROTOTYPES = YES;
				CLANG_WARN_SUSPICIOUS_MOVE = YES;
				CLANG_WARN_UNGUARDED_AVAILABILITY = YES_AGGRESSIVE;
				CLANG_WARN_UNREACHABLE_CODE = YES;
				CLANG_WARN__DUPLICATE_METHOD_MATCH = YES;
				COPY_PHASE_STRIP = NO;
				DEBUG_INFORMATION_FORMAT = dwarf;
				ENABLE_STRICT_OBJC_MSGSEND = YES;
				ENABLE_TESTABILITY = YES;
				GCC_C_LANGUAGE_STANDARD = gnu11;
				GCC_DYNAMIC_NO_PIC = NO;
				GCC_NO_COMMON_BLOCKS = YES;
				GCC_OPTIMIZATION_LEVEL = 0;
				GCC_PREPROCESSOR_DEFINITIONS = (
					"DEBUG=1",
					"$(inherited)",
				);
				GCC_WARN_64_TO_32_BIT_CONVERSION = YES;
				GCC_WARN_ABOUT_RETURN_TYPE = YES_ERROR;
				GCC_WARN_UNDECLARED_SELECTOR = YES;
				GCC_WARN_UNINITIALIZED_AUTOS = YES_AGGRESSIVE;
				GCC_WARN_UNUSED_FUNCTION = YES;
				GCC_WARN_UNUSED_VARIABLE = YES;
				MTL_ENABLE_DEBUG_INFO = INCLUDE_SOURCE;
				MTL_FAST_MATH = YES;
				ONLY_ACTIVE_ARCH = YES;
				SWIFT_ACTIVE_COMPILATION_CONDITIONS = DEBUG;
				SWIFT_OPTIMIZATION_LEVEL = "-Onone";
			};
			name = Debug;
		};
		47F2C33F26EA3FB700FB1022 /* Release */ = {
			isa = XCBuildConfiguration;
			buildSettings = {
				ALWAYS_SEARCH_USER_PATHS = NO;
				CLANG_ANALYZER_NONNULL = YES;
				CLANG_ANALYZER_NUMBER_OBJECT_CONVERSION = YES_AGGRESSIVE;
				CLANG_CXX_LANGUAGE_STANDARD = "gnu++17";
				CLANG_CXX_LIBRARY = "libc++";
				CLANG_ENABLE_MODULES = YES;
				CLANG_ENABLE_OBJC_ARC = YES;
				CLANG_ENABLE_OBJC_WEAK = YES;
				CLANG_WARN_BLOCK_CAPTURE_AUTORELEASING = YES;
				CLANG_WARN_BOOL_CONVERSION = YES;
				CLANG_WARN_COMMA = YES;
				CLANG_WARN_CONSTANT_CONVERSION = YES;
				CLANG_WARN_DEPRECATED_OBJC_IMPLEMENTATIONS = YES;
				CLANG_WARN_DIRECT_OBJC_ISA_USAGE = YES_ERROR;
				CLANG_WARN_DOCUMENTATION_COMMENTS = YES;
				CLANG_WARN_EMPTY_BODY = YES;
				CLANG_WARN_ENUM_CONVERSION = YES;
				CLANG_WARN_INFINITE_RECURSION = YES;
				CLANG_WARN_INT_CONVERSION = YES;
				CLANG_WARN_NON_LITERAL_NULL_CONVERSION = YES;
				CLANG_WARN_OBJC_IMPLICIT_RETAIN_SELF = YES;
				CLANG_WARN_OBJC_LITERAL_CONVERSION = YES;
				CLANG_WARN_OBJC_ROOT_CLASS = YES_ERROR;
				CLANG_WARN_QUOTED_INCLUDE_IN_FRAMEWORK_HEADER = YES;
				CLANG_WARN_RANGE_LOOP_ANALYSIS = YES;
				CLANG_WARN_STRICT_PROTOTYPES = YES;
				CLANG_WARN_SUSPICIOUS_MOVE = YES;
				CLANG_WARN_UNGUARDED_AVAILABILITY = YES_AGGRESSIVE;
				CLANG_WARN_UNREACHABLE_CODE = YES;
				CLANG_WARN__DUPLICATE_METHOD_MATCH = YES;
				COPY_PHASE_STRIP = NO;
				DEBUG_INFORMATION_FORMAT = "dwarf-with-dsym";
				ENABLE_NS_ASSERTIONS = NO;
				ENABLE_STRICT_OBJC_MSGSEND = YES;
				GCC_C_LANGUAGE_STANDARD = gnu11;
				GCC_NO_COMMON_BLOCKS = YES;
				GCC_WARN_64_TO_32_BIT_CONVERSION = YES;
				GCC_WARN_ABOUT_RETURN_TYPE = YES_ERROR;
				GCC_WARN_UNDECLARED_SELECTOR = YES;
				GCC_WARN_UNINITIALIZED_AUTOS = YES_AGGRESSIVE;
				GCC_WARN_UNUSED_FUNCTION = YES;
				GCC_WARN_UNUSED_VARIABLE = YES;
				MTL_ENABLE_DEBUG_INFO = NO;
				MTL_FAST_MATH = YES;
				SWIFT_COMPILATION_MODE = wholemodule;
				SWIFT_OPTIMIZATION_LEVEL = "-O";
			};
			name = Release;
		};
		47F2C34126EA3FB700FB1022 /* Debug */ = {
			isa = XCBuildConfiguration;
			buildSettings = {
				ASSETCATALOG_COMPILER_APPICON_NAME = AppIcon;
				ASSETCATALOG_COMPILER_GLOBAL_ACCENT_COLOR_NAME = AccentColor;
				CODE_SIGN_STYLE = Automatic;
				CURRENT_PROJECT_VERSION = 1;
				DEVELOPMENT_TEAM = 8CL4U468K5;
				ENABLE_PREVIEWS = YES;
				GENERATE_INFOPLIST_FILE = YES;
				INFOPLIST_KEY_UIApplicationSceneManifest_Generation = YES;
				INFOPLIST_KEY_UIApplicationSupportsIndirectInputEvents = YES;
				INFOPLIST_KEY_UILaunchScreen_Generation = YES;
				INFOPLIST_KEY_UISupportedInterfaceOrientations_iPad = "UIInterfaceOrientationPortrait UIInterfaceOrientationPortraitUpsideDown UIInterfaceOrientationLandscapeLeft UIInterfaceOrientationLandscapeRight";
				INFOPLIST_KEY_UISupportedInterfaceOrientations_iPhone = "UIInterfaceOrientationPortrait UIInterfaceOrientationLandscapeLeft UIInterfaceOrientationLandscapeRight";
				IPHONEOS_DEPLOYMENT_TARGET = 15.0;
				LD_RUNPATH_SEARCH_PATHS = (
					"$(inherited)",
					"@executable_path/Frameworks",
				);
				MARKETING_VERSION = 1.0;
				PRODUCT_BUNDLE_IDENTIFIER = "com.587.UI-303";
				PRODUCT_NAME = "UI-303";
				SDKROOT = iphoneos;
				SWIFT_EMIT_LOC_STRINGS = YES;
				SWIFT_VERSION = 5.0;
				TARGETED_DEVICE_FAMILY = "1,2";
			};
			name = Debug;
		};
		47F2C34226EA3FB700FB1022 /* Release */ = {
			isa = XCBuildConfiguration;
			buildSettings = {
				ASSETCATALOG_COMPILER_APPICON_NAME = AppIcon;
				ASSETCATALOG_COMPILER_GLOBAL_ACCENT_COLOR_NAME = AccentColor;
				CODE_SIGN_STYLE = Automatic;
				CURRENT_PROJECT_VERSION = 1;
				DEVELOPMENT_TEAM = 8CL4U468K5;
				ENABLE_PREVIEWS = YES;
				GENERATE_INFOPLIST_FILE = YES;
				INFOPLIST_KEY_UIApplicationSceneManifest_Generation = YES;
				INFOPLIST_KEY_UIApplicationSupportsIndirectInputEvents = YES;
				INFOPLIST_KEY_UILaunchScreen_Generation = YES;
				INFOPLIST_KEY_UISupportedInterfaceOrientations_iPad = "UIInterfaceOrientationPortrait UIInterfaceOrientationPortraitUpsideDown UIInterfaceOrientationLandscapeLeft UIInterfaceOrientationLandscapeRight";
				INFOPLIST_KEY_UISupportedInterfaceOrientations_iPhone = "UIInterfaceOrientationPortrait UIInterfaceOrientationLandscapeLeft UIInterfaceOrientationLandscapeRight";
				IPHONEOS_DEPLOYMENT_TARGET = 15.0;
				LD_RUNPATH_SEARCH_PATHS = (
					"$(inherited)",
					"@executable_path/Frameworks",
				);
				MARKETING_VERSION = 1.0;
				PRODUCT_BUNDLE_IDENTIFIER = "com.587.UI-303";
				PRODUCT_NAME = "UI-303";
				SDKROOT = iphoneos;
				SWIFT_EMIT_LOC_STRINGS = YES;
				SWIFT_VERSION = 5.0;
				TARGETED_DEVICE_FAMILY = "1,2";
				VALIDATE_PRODUCT = YES;
			};
			name = Release;
		};
		47F2C34426EA3FB700FB1022 /* Debug */ = {
			isa = XCBuildConfiguration;
			buildSettings = {
				ASSETCATALOG_COMPILER_APPICON_NAME = AppIcon;
				ASSETCATALOG_COMPILER_GLOBAL_ACCENT_COLOR_NAME = AccentColor;
				CODE_SIGN_STYLE = Automatic;
				COMBINE_HIDPI_IMAGES = YES;
				CURRENT_PROJECT_VERSION = 1;
				DEVELOPMENT_TEAM = 8CL4U468K5;
				ENABLE_APP_SANDBOX = YES;
				ENABLE_HARDENED_RUNTIME = YES;
				ENABLE_PREVIEWS = YES;
				ENABLE_USER_SELECTED_FILES = readonly;
				GENERATE_INFOPLIST_FILE = YES;
				INFOPLIST_KEY_NSHumanReadableCopyright = "";
				LD_RUNPATH_SEARCH_PATHS = (
					"$(inherited)",
					"@executable_path/../Frameworks",
				);
				MACOSX_DEPLOYMENT_TARGET = 11.0;
				MARKETING_VERSION = 1.0;
				PRODUCT_BUNDLE_IDENTIFIER = "com.587.UI-303";
				PRODUCT_NAME = "UI-303";
				SDKROOT = macosx;
				SWIFT_EMIT_LOC_STRINGS = YES;
				SWIFT_VERSION = 5.0;
			};
			name = Debug;
		};
		47F2C34526EA3FB700FB1022 /* Release */ = {
			isa = XCBuildConfiguration;
			buildSettings = {
				ASSETCATALOG_COMPILER_APPICON_NAME = AppIcon;
				ASSETCATALOG_COMPILER_GLOBAL_ACCENT_COLOR_NAME = AccentColor;
				CODE_SIGN_STYLE = Automatic;
				COMBINE_HIDPI_IMAGES = YES;
				CURRENT_PROJECT_VERSION = 1;
				DEVELOPMENT_TEAM = 8CL4U468K5;
				ENABLE_APP_SANDBOX = YES;
				ENABLE_HARDENED_RUNTIME = YES;
				ENABLE_PREVIEWS = YES;
				ENABLE_USER_SELECTED_FILES = readonly;
				GENERATE_INFOPLIST_FILE = YES;
				INFOPLIST_KEY_NSHumanReadableCopyright = "";
				LD_RUNPATH_SEARCH_PATHS = (
					"$(inherited)",
					"@executable_path/../Frameworks",
				);
				MACOSX_DEPLOYMENT_TARGET = 11.0;
				MARKETING_VERSION = 1.0;
				PRODUCT_BUNDLE_IDENTIFIER = "com.587.UI-303";
				PRODUCT_NAME = "UI-303";
				SDKROOT = macosx;
				SWIFT_EMIT_LOC_STRINGS = YES;
				SWIFT_VERSION = 5.0;
			};
			name = Release;
		};
		47F2C34726EA3FB700FB1022 /* Debug */ = {
			isa = XCBuildConfiguration;
			buildSettings = {
				ALWAYS_EMBED_SWIFT_STANDARD_LIBRARIES = YES;
				CODE_SIGN_STYLE = Automatic;
				CURRENT_PROJECT_VERSION = 1;
				DEVELOPMENT_TEAM = 8CL4U468K5;
				GENERATE_INFOPLIST_FILE = YES;
				IPHONEOS_DEPLOYMENT_TARGET = 15.0;
				LD_RUNPATH_SEARCH_PATHS = (
					"$(inherited)",
					"@executable_path/Frameworks",
					"@loader_path/Frameworks",
				);
				MARKETING_VERSION = 1.0;
				PRODUCT_BUNDLE_IDENTIFIER = "com.587.Tests-iOS";
				PRODUCT_NAME = "$(TARGET_NAME)";
				SDKROOT = iphoneos;
				SWIFT_EMIT_LOC_STRINGS = NO;
				SWIFT_VERSION = 5.0;
				TARGETED_DEVICE_FAMILY = "1,2";
				TEST_TARGET_NAME = "UI-303 (iOS)";
			};
			name = Debug;
		};
		47F2C34826EA3FB700FB1022 /* Release */ = {
			isa = XCBuildConfiguration;
			buildSettings = {
				ALWAYS_EMBED_SWIFT_STANDARD_LIBRARIES = YES;
				CODE_SIGN_STYLE = Automatic;
				CURRENT_PROJECT_VERSION = 1;
				DEVELOPMENT_TEAM = 8CL4U468K5;
				GENERATE_INFOPLIST_FILE = YES;
				IPHONEOS_DEPLOYMENT_TARGET = 15.0;
				LD_RUNPATH_SEARCH_PATHS = (
					"$(inherited)",
					"@executable_path/Frameworks",
					"@loader_path/Frameworks",
				);
				MARKETING_VERSION = 1.0;
				PRODUCT_BUNDLE_IDENTIFIER = "com.587.Tests-iOS";
				PRODUCT_NAME = "$(TARGET_NAME)";
				SDKROOT = iphoneos;
				SWIFT_EMIT_LOC_STRINGS = NO;
				SWIFT_VERSION = 5.0;
				TARGETED_DEVICE_FAMILY = "1,2";
				TEST_TARGET_NAME = "UI-303 (iOS)";
				VALIDATE_PRODUCT = YES;
			};
			name = Release;
		};
		47F2C34A26EA3FB700FB1022 /* Debug */ = {
			isa = XCBuildConfiguration;
			buildSettings = {
				ALWAYS_EMBED_SWIFT_STANDARD_LIBRARIES = YES;
				CODE_SIGN_STYLE = Automatic;
				COMBINE_HIDPI_IMAGES = YES;
				CURRENT_PROJECT_VERSION = 1;
				DEVELOPMENT_TEAM = 8CL4U468K5;
				GENERATE_INFOPLIST_FILE = YES;
				LD_RUNPATH_SEARCH_PATHS = (
					"$(inherited)",
					"@executable_path/../Frameworks",
					"@loader_path/../Frameworks",
				);
				MACOSX_DEPLOYMENT_TARGET = 11.5;
				MARKETING_VERSION = 1.0;
				PRODUCT_BUNDLE_IDENTIFIER = "com.587.Tests-macOS";
				PRODUCT_NAME = "$(TARGET_NAME)";
				SDKROOT = macosx;
				SWIFT_EMIT_LOC_STRINGS = NO;
				SWIFT_VERSION = 5.0;
				TEST_TARGET_NAME = "UI-303 (macOS)";
			};
			name = Debug;
		};
		47F2C34B26EA3FB700FB1022 /* Release */ = {
			isa = XCBuildConfiguration;
			buildSettings = {
				ALWAYS_EMBED_SWIFT_STANDARD_LIBRARIES = YES;
				CODE_SIGN_STYLE = Automatic;
				COMBINE_HIDPI_IMAGES = YES;
				CURRENT_PROJECT_VERSION = 1;
				DEVELOPMENT_TEAM = 8CL4U468K5;
				GENERATE_INFOPLIST_FILE = YES;
				LD_RUNPATH_SEARCH_PATHS = (
					"$(inherited)",
					"@executable_path/../Frameworks",
					"@loader_path/../Frameworks",
				);
				MACOSX_DEPLOYMENT_TARGET = 11.5;
				MARKETING_VERSION = 1.0;
				PRODUCT_BUNDLE_IDENTIFIER = "com.587.Tests-macOS";
				PRODUCT_NAME = "$(TARGET_NAME)";
				SDKROOT = macosx;
				SWIFT_EMIT_LOC_STRINGS = NO;
				SWIFT_VERSION = 5.0;
				TEST_TARGET_NAME = "UI-303 (macOS)";
			};
			name = Release;
		};
/* End XCBuildConfiguration section */

/* Begin XCConfigurationList section */
		47F2C31026EA3FB600FB1022 /* Build configuration list for PBXProject "UI-303" */ = {
			isa = XCConfigurationList;
			buildConfigurations = (
				47F2C33E26EA3FB700FB1022 /* Debug */,
				47F2C33F26EA3FB700FB1022 /* Release */,
			);
			defaultConfigurationIsVisible = 0;
			defaultConfigurationName = Release;
		};
		47F2C34026EA3FB700FB1022 /* Build configuration list for PBXNativeTarget "UI-303 (iOS)" */ = {
			isa = XCConfigurationList;
			buildConfigurations = (
				47F2C34126EA3FB700FB1022 /* Debug */,
				47F2C34226EA3FB700FB1022 /* Release */,
			);
			defaultConfigurationIsVisible = 0;
			defaultConfigurationName = Release;
		};
		47F2C34326EA3FB700FB1022 /* Build configuration list for PBXNativeTarget "UI-303 (macOS)" */ = {
			isa = XCConfigurationList;
			buildConfigurations = (
				47F2C34426EA3FB700FB1022 /* Debug */,
				47F2C34526EA3FB700FB1022 /* Release */,
			);
			defaultConfigurationIsVisible = 0;
			defaultConfigurationName = Release;
		};
		47F2C34626EA3FB700FB1022 /* Build configuration list for PBXNativeTarget "Tests iOS" */ = {
			isa = XCConfigurationList;
			buildConfigurations = (
				47F2C34726EA3FB700FB1022 /* Debug */,
				47F2C34826EA3FB700FB1022 /* Release */,
			);
			defaultConfigurationIsVisible = 0;
			defaultConfigurationName = Release;
		};
		47F2C34926EA3FB700FB1022 /* Build configuration list for PBXNativeTarget "Tests macOS" */ = {
			isa = XCConfigurationList;
			buildConfigurations = (
				47F2C34A26EA3FB700FB1022 /* Debug */,
				47F2C34B26EA3FB700FB1022 /* Release */,
			);
			defaultConfigurationIsVisible = 0;
			defaultConfigurationName = Release;
		};
/* End XCConfigurationList section */
	};
	rootObject = 47F2C30D26EA3FB600FB1022 /* Project object */;
}
